
Microsoft Visual Studio Solution File, Format Version 12.00
# Visual Studio Version 17
VisualStudioVersion = 17.3.32922.545
MinimumVisualStudioVersion = 10.0.40219.1
Project("{FAE04EC0-301F-11D3-BF4B-00C04F79EFBC}") = "EXE_Proxy", "EXE_Proxy\EXE_Proxy.csproj", "{8CBDBD6D-B96A-4E64-8285-FE033D34D279}"
EndProject
Global
	GlobalSection(SolutionConfigurationPlatforms) = preSolution
		Debug|Any CPU = Debug|Any CPU
		Release|Any CPU = Release|Any CPU
	EndGlobalSection
	GlobalSection(ProjectConfigurationPlatforms) = postSolution
		{8CBDBD6D-B96A-4E64-8285-FE033D34D279}.Debug|Any CPU.ActiveCfg = Debug|Any CPU
		{8CBDBD6D-B96A-4E64-8285-FE033D34D279}.Debug|Any CPU.Build.0 = Debug|Any CPU
		{8CBDBD6D-B96A-4E64-8285-FE033D34D279}.Release|Any CPU.ActiveCfg = Release|Any CPU
		{8CBDBD6D-B96A-4E64-8285-FE033D34D279}.Release|Any CPU.Build.0 = Release|Any CPU
	EndGlobalSection
	GlobalSection(SolutionProperties) = preSolution
		HideSolutionNode = FALSE
	EndGlobalSection
	GlobalSection(ExtensibilityGlobals) = postSolution
		SolutionGuid = {CF1EFBED-DAA7-4A14-98F9-446B90419AE1}
	EndGlobalSection
EndGlobal
